// !$*UTF8*$!
{
	archiveVersion = 1;
	classes = {
	};
	objectVersion = 56;
	objects = {

/* Begin PBXBuildFile section */
		C540C2952BE497F7000591A1 /* DetailView.swift in Sources */ = {isa = PBXBuildFile; fileRef = C540C2942BE497F7000591A1 /* DetailView.swift */; };
		C540C2972BE49CE6000591A1 /* DetailEditView.swift in Sources */ = {isa = PBXBuildFile; fileRef = C540C2962BE49CE6000591A1 /* DetailEditView.swift */; };
		C540C2992BE4A0A6000591A1 /* ThemeView.swift in Sources */ = {isa = PBXBuildFile; fileRef = C540C2982BE4A0A6000591A1 /* ThemeView.swift */; };
		C540C29B2BE4A23D000591A1 /* ThemePicker.swift in Sources */ = {isa = PBXBuildFile; fileRef = C540C29A2BE4A23D000591A1 /* ThemePicker.swift */; };
		C5F16A222BE4827700AE64D5 /* ScrumdingerApp.swift in Sources */ = {isa = PBXBuildFile; fileRef = C5F16A212BE4827700AE64D5 /* ScrumdingerApp.swift */; };
		C5F16A242BE4827700AE64D5 /* MeetingView.swift in Sources */ = {isa = PBXBuildFile; fileRef = C5F16A232BE4827700AE64D5 /* MeetingView.swift */; };
		C5F16A262BE4827800AE64D5 /* Assets.xcassets in Resources */ = {isa = PBXBuildFile; fileRef = C5F16A252BE4827800AE64D5 /* Assets.xcassets */; };
		C5F16A292BE4827800AE64D5 /* Preview Assets.xcassets in Resources */ = {isa = PBXBuildFile; fileRef = C5F16A282BE4827800AE64D5 /* Preview Assets.xcassets */; };
		C5F16A312BE48B2C00AE64D5 /* Theme.swift in Sources */ = {isa = PBXBuildFile; fileRef = C5F16A302BE48B2C00AE64D5 /* Theme.swift */; };
		C5F16A332BE48BF400AE64D5 /* DailyScrum.swift in Sources */ = {isa = PBXBuildFile; fileRef = C5F16A322BE48BF400AE64D5 /* DailyScrum.swift */; };
		C5F16A352BE48C2200AE64D5 /* CardView.swift in Sources */ = {isa = PBXBuildFile; fileRef = C5F16A342BE48C2200AE64D5 /* CardView.swift */; };
		C5F16A372BE48E1900AE64D5 /* TrailingIconLabelStyle.swift in Sources */ = {isa = PBXBuildFile; fileRef = C5F16A362BE48E1900AE64D5 /* TrailingIconLabelStyle.swift */; };
		C5F16A392BE4901900AE64D5 /* ScrumsView.swift in Sources */ = {isa = PBXBuildFile; fileRef = C5F16A382BE4901900AE64D5 /* ScrumsView.swift */; };
/* End PBXBuildFile section */

/* Begin PBXFileReference section */
		C540C2942BE497F7000591A1 /* DetailView.swift */ = {isa = PBXFileReference; lastKnownFileType = sourcecode.swift; path = DetailView.swift; sourceTree = "<group>"; };
		C540C2962BE49CE6000591A1 /* DetailEditView.swift */ = {isa = PBXFileReference; lastKnownFileType = sourcecode.swift; path = DetailEditView.swift; sourceTree = "<group>"; };
		C540C2982BE4A0A6000591A1 /* ThemeView.swift */ = {isa = PBXFileReference; lastKnownFileType = sourcecode.swift; path = ThemeView.swift; sourceTree = "<group>"; };
		C540C29A2BE4A23D000591A1 /* ThemePicker.swift */ = {isa = PBXFileReference; lastKnownFileType = sourcecode.swift; path = ThemePicker.swift; sourceTree = "<group>"; };
		C5F16A1E2BE4827700AE64D5 /* Scrumdinger.app */ = {isa = PBXFileReference; explicitFileType = wrapper.application; includeInIndex = 0; path = Scrumdinger.app; sourceTree = BUILT_PRODUCTS_DIR; };
		C5F16A212BE4827700AE64D5 /* ScrumdingerApp.swift */ = {isa = PBXFileReference; lastKnownFileType = sourcecode.swift; path = ScrumdingerApp.swift; sourceTree = "<group>"; };
		C5F16A232BE4827700AE64D5 /* MeetingView.swift */ = {isa = PBXFileReference; lastKnownFileType = sourcecode.swift; path = MeetingView.swift; sourceTree = "<group>"; };
		C5F16A252BE4827800AE64D5 /* Assets.xcassets */ = {isa = PBXFileReference; lastKnownFileType = folder.assetcatalog; path = Assets.xcassets; sourceTree = "<group>"; };
		C5F16A282BE4827800AE64D5 /* Preview Assets.xcassets */ = {isa = PBXFileReference; lastKnownFileType = folder.assetcatalog; path = "Preview Assets.xcassets"; sourceTree = "<group>"; };
		C5F16A302BE48B2C00AE64D5 /* Theme.swift */ = {isa = PBXFileReference; lastKnownFileType = sourcecode.swift; path = Theme.swift; sourceTree = "<group>"; };
		C5F16A322BE48BF400AE64D5 /* DailyScrum.swift */ = {isa = PBXFileReference; lastKnownFileType = sourcecode.swift; path = DailyScrum.swift; sourceTree = "<group>"; };
		C5F16A342BE48C2200AE64D5 /* CardView.swift */ = {isa = PBXFileReference; lastKnownFileType = sourcecode.swift; path = CardView.swift; sourceTree = "<group>"; };
		C5F16A362BE48E1900AE64D5 /* TrailingIconLabelStyle.swift */ = {isa = PBXFileReference; lastKnownFileType = sourcecode.swift; path = TrailingIconLabelStyle.swift; sourceTree = "<group>"; };
		C5F16A382BE4901900AE64D5 /* ScrumsView.swift */ = {isa = PBXFileReference; lastKnownFileType = sourcecode.swift; path = ScrumsView.swift; sourceTree = "<group>"; };
/* End PBXFileReference section */

/* Begin PBXFrameworksBuildPhase section */
		C5F16A1B2BE4827700AE64D5 /* Frameworks */ = {
			isa = PBXFrameworksBuildPhase;
			buildActionMask = 2147483647;
			files = (
			);
			runOnlyForDeploymentPostprocessing = 0;
		};
/* End PBXFrameworksBuildPhase section */

/* Begin PBXGroup section */
		C5F16A152BE4827700AE64D5 = {
			isa = PBXGroup;
			children = (
				C5F16A202BE4827700AE64D5 /* Scrumdinger */,
				C5F16A1F2BE4827700AE64D5 /* Products */,
			);
			sourceTree = "<group>";
		};
		C5F16A1F2BE4827700AE64D5 /* Products */ = {
			isa = PBXGroup;
			children = (
				C5F16A1E2BE4827700AE64D5 /* Scrumdinger.app */,
			);
			name = Products;
			sourceTree = "<group>";
		};
		C5F16A202BE4827700AE64D5 /* Scrumdinger */ = {
			isa = PBXGroup;
			children = (
				C5F16A3A2BE493CD00AE64D5 /* Views */,
				C5F16A2F2BE48B1D00AE64D5 /* Models */,
				C5F16A212BE4827700AE64D5 /* ScrumdingerApp.swift */,
				C5F16A362BE48E1900AE64D5 /* TrailingIconLabelStyle.swift */,
				C5F16A252BE4827800AE64D5 /* Assets.xcassets */,
				C5F16A272BE4827800AE64D5 /* Preview Content */,
			);
			path = Scrumdinger;
			sourceTree = "<group>";
		};
		C5F16A272BE4827800AE64D5 /* Preview Content */ = {
			isa = PBXGroup;
			children = (
				C5F16A282BE4827800AE64D5 /* Preview Assets.xcassets */,
			);
			path = "Preview Content";
			sourceTree = "<group>";
		};
		C5F16A2F2BE48B1D00AE64D5 /* Models */ = {
			isa = PBXGroup;
			children = (
				C5F16A302BE48B2C00AE64D5 /* Theme.swift */,
				C5F16A322BE48BF400AE64D5 /* DailyScrum.swift */,
			);
			path = Models;
			sourceTree = "<group>";
		};
		C5F16A3A2BE493CD00AE64D5 /* Views */ = {
			isa = PBXGroup;
			children = (
				C5F16A342BE48C2200AE64D5 /* CardView.swift */,
				C5F16A382BE4901900AE64D5 /* ScrumsView.swift */,
				C5F16A232BE4827700AE64D5 /* MeetingView.swift */,
				C540C2942BE497F7000591A1 /* DetailView.swift */,
				C540C2962BE49CE6000591A1 /* DetailEditView.swift */,
				C540C2982BE4A0A6000591A1 /* ThemeView.swift */,
				C540C29A2BE4A23D000591A1 /* ThemePicker.swift */,
			);
			path = Views;
			sourceTree = "<group>";
		};
/* End PBXGroup section */

/* Begin PBXNativeTarget section */
		C5F16A1D2BE4827700AE64D5 /* Scrumdinger */ = {
			isa = PBXNativeTarget;
			buildConfigurationList = C5F16A2C2BE4827800AE64D5 /* Build configuration list for PBXNativeTarget "Scrumdinger" */;
			buildPhases = (
				C5F16A1A2BE4827700AE64D5 /* Sources */,
				C5F16A1B2BE4827700AE64D5 /* Frameworks */,
				C5F16A1C2BE4827700AE64D5 /* Resources */,
			);
			buildRules = (
			);
			dependencies = (
			);
			name = Scrumdinger;
			productName = Scrumdinger;
			productReference = C5F16A1E2BE4827700AE64D5 /* Scrumdinger.app */;
			productType = "com.apple.product-type.application";
		};
/* End PBXNativeTarget section */

/* Begin PBXProject section */
		C5F16A162BE4827700AE64D5 /* Project object */ = {
			isa = PBXProject;
			attributes = {
				BuildIndependentTargetsInParallel = 1;
				LastSwiftUpdateCheck = 1530;
				LastUpgradeCheck = 1530;
				TargetAttributes = {
					C5F16A1D2BE4827700AE64D5 = {
						CreatedOnToolsVersion = 15.3;
					};
				};
			};
			buildConfigurationList = C5F16A192BE4827700AE64D5 /* Build configuration list for PBXProject "Scrumdinger" */;
			compatibilityVersion = "Xcode 14.0";
			developmentRegion = en;
			hasScannedForEncodings = 0;
			knownRegions = (
				en,
				Base,
			);
			mainGroup = C5F16A152BE4827700AE64D5;
			productRefGroup = C5F16A1F2BE4827700AE64D5 /* Products */;
			projectDirPath = "";
			projectRoot = "";
			targets = (
				C5F16A1D2BE4827700AE64D5 /* Scrumdinger */,
			);
		};
/* End PBXProject section */

/* Begin PBXResourcesBuildPhase section */
		C5F16A1C2BE4827700AE64D5 /* Resources */ = {
			isa = PBXResourcesBuildPhase;
			buildActionMask = 2147483647;
			files = (
				C5F16A292BE4827800AE64D5 /* Preview Assets.xcassets in Resources */,
				C5F16A262BE4827800AE64D5 /* Assets.xcassets in Resources */,
			);
			runOnlyForDeploymentPostprocessing = 0;
		};
/* End PBXResourcesBuildPhase section */

/* Begin PBXSourcesBuildPhase section */
		C5F16A1A2BE4827700AE64D5 /* Sources */ = {
			isa = PBXSourcesBuildPhase;
			buildActionMask = 2147483647;
			files = (
				C540C29B2BE4A23D000591A1 /* ThemePicker.swift in Sources */,
				C5F16A332BE48BF400AE64D5 /* DailyScrum.swift in Sources */,
				C540C2952BE497F7000591A1 /* DetailView.swift in Sources */,
				C540C2972BE49CE6000591A1 /* DetailEditView.swift in Sources */,
				C5F16A372BE48E1900AE64D5 /* TrailingIconLabelStyle.swift in Sources */,
				C5F16A312BE48B2C00AE64D5 /* Theme.swift in Sources */,
				C5F16A392BE4901900AE64D5 /* ScrumsView.swift in Sources */,
				C5F16A242BE4827700AE64D5 /* MeetingView.swift in Sources */,
				C5F16A222BE4827700AE64D5 /* ScrumdingerApp.swift in Sources */,
				C540C2992BE4A0A6000591A1 /* ThemeView.swift in Sources */,
				C5F16A352BE48C2200AE64D5 /* CardView.swift in Sources */,
			);
			runOnlyForDeploymentPostprocessing = 0;
		};
/* End PBXSourcesBuildPhase section */

/* Begin XCBuildConfiguration section */
		C5F16A2A2BE4827800AE64D5 /* Debug */ = {
			isa = XCBuildConfiguration;
			buildSettings = {
				ALWAYS_SEARCH_USER_PATHS = NO;
				ASSETCATALOG_COMPILER_GENERATE_SWIFT_ASSET_SYMBOL_EXTENSIONS = YES;
				CLANG_ANALYZER_NONNULL = YES;
				CLANG_ANALYZER_NUMBER_OBJECT_CONVERSION = YES_AGGRESSIVE;
				CLANG_CXX_LANGUAGE_STANDARD = "gnu++20";
				CLANG_ENABLE_MODULES = YES;
				CLANG_ENABLE_OBJC_ARC = YES;
				CLANG_ENABLE_OBJC_WEAK = YES;
				CLANG_WARN_BLOCK_CAPTURE_AUTORELEASING = YES;
				CLANG_WARN_BOOL_CONVERSION = YES;
				CLANG_WARN_COMMA = YES;
				CLANG_WARN_CONSTANT_CONVERSION = YES;
				CLANG_WARN_DEPRECATED_OBJC_IMPLEMENTATIONS = YES;
				CLANG_WARN_DIRECT_OBJC_ISA_USAGE = YES_ERROR;
				CLANG_WARN_DOCUMENTATION_COMMENTS = YES;
				CLANG_WARN_EMPTY_BODY = YES;
				CLANG_WARN_ENUM_CONVERSION = YES;
				CLANG_WARN_INFINITE_RECURSION = YES;
				CLANG_WARN_INT_CONVERSION = YES;
				CLANG_WARN_NON_LITERAL_NULL_CONVERSION = YES;
				CLANG_WARN_OBJC_IMPLICIT_RETAIN_SELF = YES;
				CLANG_WARN_OBJC_LITERAL_CONVERSION = YES;
				CLANG_WARN_OBJC_ROOT_CLASS = YES_ERROR;
				CLANG_WARN_QUOTED_INCLUDE_IN_FRAMEWORK_HEADER = YES;
				CLANG_WARN_RANGE_LOOP_ANALYSIS = YES;
				CLANG_WARN_STRICT_PROTOTYPES = YES;
				CLANG_WARN_SUSPICIOUS_MOVE = YES;
				CLANG_WARN_UNGUARDED_AVAILABILITY = YES_AGGRESSIVE;
				CLANG_WARN_UNREACHABLE_CODE = YES;
				CLANG_WARN__DUPLICATE_METHOD_MATCH = YES;
				COPY_PHASE_STRIP = NO;
				DEBUG_INFORMATION_FORMAT = dwarf;
				ENABLE_STRICT_OBJC_MSGSEND = YES;
				ENABLE_TESTABILITY = YES;
				ENABLE_USER_SCRIPT_SANDBOXING = YES;
				GCC_C_LANGUAGE_STANDARD = gnu17;
				GCC_DYNAMIC_NO_PIC = NO;
				GCC_NO_COMMON_BLOCKS = YES;
				GCC_OPTIMIZATION_LEVEL = 0;
				GCC_PREPROCESSOR_DEFINITIONS = (
					"DEBUG=1",
					"$(inherited)",
				);
				GCC_WARN_64_TO_32_BIT_CONVERSION = YES;
				GCC_WARN_ABOUT_RETURN_TYPE = YES_ERROR;
				GCC_WARN_UNDECLARED_SELECTOR = YES;
				GCC_WARN_UNINITIALIZED_AUTOS = YES_AGGRESSIVE;
				GCC_WARN_UNUSED_FUNCTION = YES;
				GCC_WARN_UNUSED_VARIABLE = YES;
				IPHONEOS_DEPLOYMENT_TARGET = 17.4;
				LOCALIZATION_PREFERS_STRING_CATALOGS = YES;
				MTL_ENABLE_DEBUG_INFO = INCLUDE_SOURCE;
				MTL_FAST_MATH = YES;
				ONLY_ACTIVE_ARCH = YES;
				SDKROOT = iphoneos;
				SWIFT_ACTIVE_COMPILATION_CONDITIONS = "DEBUG $(inherited)";
				SWIFT_OPTIMIZATION_LEVEL = "-Onone";
			};
			name = Debug;
		};
		C5F16A2B2BE4827800AE64D5 /* Release */ = {
			isa = XCBuildConfiguration;
			buildSettings = {
				ALWAYS_SEARCH_USER_PATHS = NO;
				ASSETCATALOG_COMPILER_GENERATE_SWIFT_ASSET_SYMBOL_EXTENSIONS = YES;
				CLANG_ANALYZER_NONNULL = YES;
				CLANG_ANALYZER_NUMBER_OBJECT_CONVERSION = YES_AGGRESSIVE;
				CLANG_CXX_LANGUAGE_STANDARD = "gnu++20";
				CLANG_ENABLE_MODULES = YES;
				CLANG_ENABLE_OBJC_ARC = YES;
				CLANG_ENABLE_OBJC_WEAK = YES;
				CLANG_WARN_BLOCK_CAPTURE_AUTORELEASING = YES;
				CLANG_WARN_BOOL_CONVERSION = YES;
				CLANG_WARN_COMMA = YES;
				CLANG_WARN_CONSTANT_CONVERSION = YES;
				CLANG_WARN_DEPRECATED_OBJC_IMPLEMENTATIONS = YES;
				CLANG_WARN_DIRECT_OBJC_ISA_USAGE = YES_ERROR;
				CLANG_WARN_DOCUMENTATION_COMMENTS = YES;
				CLANG_WARN_EMPTY_BODY = YES;
				CLANG_WARN_ENUM_CONVERSION = YES;
				CLANG_WARN_INFINITE_RECURSION = YES;
				CLANG_WARN_INT_CONVERSION = YES;
				CLANG_WARN_NON_LITERAL_NULL_CONVERSION = YES;
				CLANG_WARN_OBJC_IMPLICIT_RETAIN_SELF = YES;
				CLANG_WARN_OBJC_LITERAL_CONVERSION = YES;
				CLANG_WARN_OBJC_ROOT_CLASS = YES_ERROR;
				CLANG_WARN_QUOTED_INCLUDE_IN_FRAMEWORK_HEADER = YES;
				CLANG_WARN_RANGE_LOOP_ANALYSIS = YES;
				CLANG_WARN_STRICT_PROTOTYPES = YES;
				CLANG_WARN_SUSPICIOUS_MOVE = YES;
				CLANG_WARN_UNGUARDED_AVAILABILITY = YES_AGGRESSIVE;
				CLANG_WARN_UNREACHABLE_CODE = YES;
				CLANG_WARN__DUPLICATE_METHOD_MATCH = YES;
				COPY_PHASE_STRIP = NO;
				DEBUG_INFORMATION_FORMAT = "dwarf-with-dsym";
				ENABLE_NS_ASSERTIONS = NO;
				ENABLE_STRICT_OBJC_MSGSEND = YES;
				ENABLE_USER_SCRIPT_SANDBOXING = YES;
				GCC_C_LANGUAGE_STANDARD = gnu17;
				GCC_NO_COMMON_BLOCKS = YES;
				GCC_WARN_64_TO_32_BIT_CONVERSION = YES;
				GCC_WARN_ABOUT_RETURN_TYPE = YES_ERROR;
				GCC_WARN_UNDECLARED_SELECTOR = YES;
				GCC_WARN_UNINITIALIZED_AUTOS = YES_AGGRESSIVE;
				GCC_WARN_UNUSED_FUNCTION = YES;
				GCC_WARN_UNUSED_VARIABLE = YES;
				IPHONEOS_DEPLOYMENT_TARGET = 17.4;
				LOCALIZATION_PREFERS_STRING_CATALOGS = YES;
				MTL_ENABLE_DEBUG_INFO = NO;
				MTL_FAST_MATH = YES;
				SDKROOT = iphoneos;
				SWIFT_COMPILATION_MODE = wholemodule;
				VALIDATE_PRODUCT = YES;
			};
			name = Release;
		};
		C5F16A2D2BE4827800AE64D5 /* Debug */ = {
			isa = XCBuildConfiguration;
			buildSettings = {
				ASSETCATALOG_COMPILER_APPICON_NAME = AppIcon;
				ASSETCATALOG_COMPILER_GLOBAL_ACCENT_COLOR_NAME = AccentColor;
				CODE_SIGN_STYLE = Automatic;
				CURRENT_PROJECT_VERSION = 1;
				DEVELOPMENT_ASSET_PATHS = "\"Scrumdinger/Preview Content\"";
				DEVELOPMENT_TEAM = Y3U2455K6G;
				ENABLE_PREVIEWS = YES;
				GENERATE_INFOPLIST_FILE = YES;
				INFOPLIST_KEY_UIApplicationSceneManifest_Generation = YES;
				INFOPLIST_KEY_UIApplicationSupportsIndirectInputEvents = YES;
				INFOPLIST_KEY_UILaunchScreen_Generation = YES;
				INFOPLIST_KEY_UISupportedInterfaceOrientations_iPad = "UIInterfaceOrientationPortrait UIInterfaceOrientationPortraitUpsideDown UIInterfaceOrientationLandscapeLeft UIInterfaceOrientationLandscapeRight";
				INFOPLIST_KEY_UISupportedInterfaceOrientations_iPhone = "UIInterfaceOrientationPortrait UIInterfaceOrientationLandscapeLeft UIInterfaceOrientationLandscapeRight";
				LD_RUNPATH_SEARCH_PATHS = (
					"$(inherited)",
					"@executable_path/Frameworks",
				);
				MARKETING_VERSION = 1.0;
				PRODUCT_BUNDLE_IDENTIFIER = kane03.Scrumdinger;
				PRODUCT_NAME = "$(TARGET_NAME)";
				SWIFT_EMIT_LOC_STRINGS = YES;
				SWIFT_VERSION = 5.0;
				TARGETED_DEVICE_FAMILY = "1,2";
			};
			name = Debug;
		};
		C5F16A2E2BE4827800AE64D5 /* Release */ = {
			isa = XCBuildConfiguration;
			buildSettings = {
				ASSETCATALOG_COMPILER_APPICON_NAME = AppIcon;
				ASSETCATALOG_COMPILER_GLOBAL_ACCENT_COLOR_NAME = AccentColor;
				CODE_SIGN_STYLE = Automatic;
				CURRENT_PROJECT_VERSION = 1;
				DEVELOPMENT_ASSET_PATHS = "\"Scrumdinger/Preview Content\"";
				DEVELOPMENT_TEAM = Y3U2455K6G;
				ENABLE_PREVIEWS = YES;
				GENERATE_INFOPLIST_FILE = YES;
				INFOPLIST_KEY_UIApplicationSceneManifest_Generation = YES;
				INFOPLIST_KEY_UIApplicationSupportsIndirectInputEvents = YES;
				INFOPLIST_KEY_UILaunchScreen_Generation = YES;
				INFOPLIST_KEY_UISupportedInterfaceOrientations_iPad = "UIInterfaceOrientationPortrait UIInterfaceOrientationPortraitUpsideDown UIInterfaceOrientationLandscapeLeft UIInterfaceOrientationLandscapeRight";
				INFOPLIST_KEY_UISupportedInterfaceOrientations_iPhone = "UIInterfaceOrientationPortrait UIInterfaceOrientationLandscapeLeft UIInterfaceOrientationLandscapeRight";
				LD_RUNPATH_SEARCH_PATHS = (
					"$(inherited)",
					"@executable_path/Frameworks",
				);
				MARKETING_VERSION = 1.0;
				PRODUCT_BUNDLE_IDENTIFIER = kane03.Scrumdinger;
				PRODUCT_NAME = "$(TARGET_NAME)";
				SWIFT_EMIT_LOC_STRINGS = YES;
				SWIFT_VERSION = 5.0;
				TARGETED_DEVICE_FAMILY = "1,2";
			};
			name = Release;
		};
/* End XCBuildConfiguration section */

/* Begin XCConfigurationList section */
		C5F16A192BE4827700AE64D5 /* Build configuration list for PBXProject "Scrumdinger" */ = {
			isa = XCConfigurationList;
			buildConfigurations = (
				C5F16A2A2BE4827800AE64D5 /* Debug */,
				C5F16A2B2BE4827800AE64D5 /* Release */,
			);
			defaultConfigurationIsVisible = 0;
			defaultConfigurationName = Release;
		};
		C5F16A2C2BE4827800AE64D5 /* Build configuration list for PBXNativeTarget "Scrumdinger" */ = {
			isa = XCConfigurationList;
			buildConfigurations = (
				C5F16A2D2BE4827800AE64D5 /* Debug */,
				C5F16A2E2BE4827800AE64D5 /* Release */,
			);
			defaultConfigurationIsVisible = 0;
			defaultConfigurationName = Release;
		};
/* End XCConfigurationList section */
	};
	rootObject = C5F16A162BE4827700AE64D5 /* Project object */;
}
